PODS:
  - KFXPhotoPickerManager (0.3.0)

DEPENDENCIES:
  - KFXPhotoPickerManager (from `../`)

EXTERNAL SOURCES:
  KFXPhotoPickerManager:
    :path: ../

SPEC CHECKSUMS:
  KFXPhotoPickerManager: aa848b9534fd92df3eef8092d78806ff7bd5f94d

PODFILE CHECKSUM: 7f693c4394f4771026e4f9324c25be758e5ac6e5

COCOAPODS: 1.4.0
